// !$*UTF8*$!
{
	archiveVersion = 1;
	classes = {
	};
	objectVersion = 50;
	objects = {

/* Begin PBXBuildFile section */
		C72677A52310B8B10065C77C /* AppDelegate.swift in Sources */ = {isa = PBXBuildFile; fileRef = C72677A42310B8B10065C77C /* AppDelegate.swift */; };
		C72677AA2310B8B10065C77C /* Main.storyboard in Resources */ = {isa = PBXBuildFile; fileRef = C72677A82310B8B10065C77C /* Main.storyboard */; };
		C72677AC2310B8B30065C77C /* Assets.xcassets in Resources */ = {isa = PBXBuildFile; fileRef = C72677AB2310B8B30065C77C /* Assets.xcassets */; };
		C72677AF2310B8B30065C77C /* LaunchScreen.storyboard in Resources */ = {isa = PBXBuildFile; fileRef = C72677AD2310B8B30065C77C /* LaunchScreen.storyboard */; };
		C72677BA2310B8B30065C77C /* ExpensesTests.swift in Sources */ = {isa = PBXBuildFile; fileRef = C72677B92310B8B30065C77C /* ExpensesTests.swift */; };
		C72677C52310B8B30065C77C /* ExpensesUITests.swift in Sources */ = {isa = PBXBuildFile; fileRef = C72677C42310B8B30065C77C /* ExpensesUITests.swift */; };
		C72677D32310C02B0065C77C /* ExpensesViewController.swift in Sources */ = {isa = PBXBuildFile; fileRef = C72677D22310C02B0065C77C /* ExpensesViewController.swift */; };
		C72677D52310D68F0065C77C /* ExpenseTableViewCell.swift in Sources */ = {isa = PBXBuildFile; fileRef = C72677D42310D68F0065C77C /* ExpenseTableViewCell.swift */; };
/* End PBXBuildFile section */

/* Begin PBXContainerItemProxy section */
		C72677B62310B8B30065C77C /* PBXContainerItemProxy */ = {
			isa = PBXContainerItemProxy;
			containerPortal = C72677992310B8B10065C77C /* Project object */;
			proxyType = 1;
			remoteGlobalIDString = C72677A02310B8B10065C77C;
			remoteInfo = Expenses;
		};
		C72677C12310B8B30065C77C /* PBXContainerItemProxy */ = {
			isa = PBXContainerItemProxy;
			containerPortal = C72677992310B8B10065C77C /* Project object */;
			proxyType = 1;
			remoteGlobalIDString = C72677A02310B8B10065C77C;
			remoteInfo = Expenses;
		};
/* End PBXContainerItemProxy section */

/* Begin PBXFileReference section */
		C72677A12310B8B10065C77C /* Expenses.app */ = {isa = PBXFileReference; explicitFileType = wrapper.application; includeInIndex = 0; path = Expenses.app; sourceTree = BUILT_PRODUCTS_DIR; };
		C72677A42310B8B10065C77C /* AppDelegate.swift */ = {isa = PBXFileReference; lastKnownFileType = sourcecode.swift; path = AppDelegate.swift; sourceTree = "<group>"; };
		C72677A92310B8B10065C77C /* Base */ = {isa = PBXFileReference; lastKnownFileType = file.storyboard; name = Base; path = Base.lproj/Main.storyboard; sourceTree = "<group>"; };
		C72677AB2310B8B30065C77C /* Assets.xcassets */ = {isa = PBXFileReference; lastKnownFileType = folder.assetcatalog; path = Assets.xcassets; sourceTree = "<group>"; };
		C72677AE2310B8B30065C77C /* Base */ = {isa = PBXFileReference; lastKnownFileType = file.storyboard; name = Base; path = Base.lproj/LaunchScreen.storyboard; sourceTree = "<group>"; };
		C72677B02310B8B30065C77C /* Info.plist */ = {isa = PBXFileReference; lastKnownFileType = text.plist.xml; path = Info.plist; sourceTree = "<group>"; };
		C72677B52310B8B30065C77C /* ExpensesTests.xctest */ = {isa = PBXFileReference; explicitFileType = wrapper.cfbundle; includeInIndex = 0; path = ExpensesTests.xctest; sourceTree = BUILT_PRODUCTS_DIR; };
		C72677B92310B8B30065C77C /* ExpensesTests.swift */ = {isa = PBXFileReference; lastKnownFileType = sourcecode.swift; path = ExpensesTests.swift; sourceTree = "<group>"; };
		C72677BB2310B8B30065C77C /* Info.plist */ = {isa = PBXFileReference; lastKnownFileType = text.plist.xml; path = Info.plist; sourceTree = "<group>"; };
		C72677C02310B8B30065C77C /* ExpensesUITests.xctest */ = {isa = PBXFileReference; explicitFileType = wrapper.cfbundle; includeInIndex = 0; path = ExpensesUITests.xctest; sourceTree = BUILT_PRODUCTS_DIR; };
		C72677C42310B8B30065C77C /* ExpensesUITests.swift */ = {isa = PBXFileReference; lastKnownFileType = sourcecode.swift; path = ExpensesUITests.swift; sourceTree = "<group>"; };
		C72677C62310B8B30065C77C /* Info.plist */ = {isa = PBXFileReference; lastKnownFileType = text.plist.xml; path = Info.plist; sourceTree = "<group>"; };
		C72677D22310C02B0065C77C /* ExpensesViewController.swift */ = {isa = PBXFileReference; lastKnownFileType = sourcecode.swift; path = ExpensesViewController.swift; sourceTree = "<group>"; };
		C72677D42310D68F0065C77C /* ExpenseTableViewCell.swift */ = {isa = PBXFileReference; lastKnownFileType = sourcecode.swift; path = ExpenseTableViewCell.swift; sourceTree = "<group>"; };
/* End PBXFileReference section */

/* Begin PBXFrameworksBuildPhase section */
		C726779E2310B8B10065C77C /* Frameworks */ = {
			isa = PBXFrameworksBuildPhase;
			buildActionMask = 2147483647;
			files = (
			);
			runOnlyForDeploymentPostprocessing = 0;
		};
		C72677B22310B8B30065C77C /* Frameworks */ = {
			isa = PBXFrameworksBuildPhase;
			buildActionMask = 2147483647;
			files = (
			);
			runOnlyForDeploymentPostprocessing = 0;
		};
		C72677BD2310B8B30065C77C /* Frameworks */ = {
			isa = PBXFrameworksBuildPhase;
			buildActionMask = 2147483647;
			files = (
			);
			runOnlyForDeploymentPostprocessing = 0;
		};
/* End PBXFrameworksBuildPhase section */

/* Begin PBXGroup section */
		C72677982310B8B10065C77C = {
			isa = PBXGroup;
			children = (
				C72677A32310B8B10065C77C /* Expenses */,
				C72677B82310B8B30065C77C /* ExpensesTests */,
				C72677C32310B8B30065C77C /* ExpensesUITests */,
				C72677A22310B8B10065C77C /* Products */,
			);
			sourceTree = "<group>";
		};
		C72677A22310B8B10065C77C /* Products */ = {
			isa = PBXGroup;
			children = (
				C72677A12310B8B10065C77C /* Expenses.app */,
				C72677B52310B8B30065C77C /* ExpensesTests.xctest */,
				C72677C02310B8B30065C77C /* ExpensesUITests.xctest */,
			);
			name = Products;
			sourceTree = "<group>";
		};
		C72677A32310B8B10065C77C /* Expenses */ = {
			isa = PBXGroup;
			children = (
				C72677A42310B8B10065C77C /* AppDelegate.swift */,
				C72677A82310B8B10065C77C /* Main.storyboard */,
				C72677AB2310B8B30065C77C /* Assets.xcassets */,
				C72677AD2310B8B30065C77C /* LaunchScreen.storyboard */,
				C72677B02310B8B30065C77C /* Info.plist */,
				C72677D22310C02B0065C77C /* ExpensesViewController.swift */,
				C72677D42310D68F0065C77C /* ExpenseTableViewCell.swift */,
			);
			path = Expenses;
			sourceTree = "<group>";
		};
		C72677B82310B8B30065C77C /* ExpensesTests */ = {
			isa = PBXGroup;
			children = (
				C72677B92310B8B30065C77C /* ExpensesTests.swift */,
				C72677BB2310B8B30065C77C /* Info.plist */,
			);
			path = ExpensesTests;
			sourceTree = "<group>";
		};
		C72677C32310B8B30065C77C /* ExpensesUITests */ = {
			isa = PBXGroup;
			children = (
				C72677C42310B8B30065C77C /* ExpensesUITests.swift */,
				C72677C62310B8B30065C77C /* Info.plist */,
			);
			path = ExpensesUITests;
			sourceTree = "<group>";
		};
/* End PBXGroup section */

/* Begin PBXNativeTarget section */
		C72677A02310B8B10065C77C /* Expenses */ = {
			isa = PBXNativeTarget;
			buildConfigurationList = C72677C92310B8B30065C77C /* Build configuration list for PBXNativeTarget "Expenses" */;
			buildPhases = (
				C726779D2310B8B10065C77C /* Sources */,
				C726779E2310B8B10065C77C /* Frameworks */,
				C726779F2310B8B10065C77C /* Resources */,
			);
			buildRules = (
			);
			dependencies = (
			);
			name = Expenses;
			productName = Expenses;
			productReference = C72677A12310B8B10065C77C /* Expenses.app */;
			productType = "com.apple.product-type.application";
		};
		C72677B42310B8B30065C77C /* ExpensesTests */ = {
			isa = PBXNativeTarget;
			buildConfigurationList = C72677CC2310B8B30065C77C /* Build configuration list for PBXNativeTarget "ExpensesTests" */;
			buildPhases = (
				C72677B12310B8B30065C77C /* Sources */,
				C72677B22310B8B30065C77C /* Frameworks */,
				C72677B32310B8B30065C77C /* Resources */,
			);
			buildRules = (
			);
			dependencies = (
				C72677B72310B8B30065C77C /* PBXTargetDependency */,
			);
			name = ExpensesTests;
			productName = ExpensesTests;
			productReference = C72677B52310B8B30065C77C /* ExpensesTests.xctest */;
			productType = "com.apple.product-type.bundle.unit-test";
		};
		C72677BF2310B8B30065C77C /* ExpensesUITests */ = {
			isa = PBXNativeTarget;
			buildConfigurationList = C72677CF2310B8B30065C77C /* Build configuration list for PBXNativeTarget "ExpensesUITests" */;
			buildPhases = (
				C72677BC2310B8B30065C77C /* Sources */,
				C72677BD2310B8B30065C77C /* Frameworks */,
				C72677BE2310B8B30065C77C /* Resources */,
			);
			buildRules = (
			);
			dependencies = (
				C72677C22310B8B30065C77C /* PBXTargetDependency */,
			);
			name = ExpensesUITests;
			productName = ExpensesUITests;
			productReference = C72677C02310B8B30065C77C /* ExpensesUITests.xctest */;
			productType = "com.apple.product-type.bundle.ui-testing";
		};
/* End PBXNativeTarget section */

/* Begin PBXProject section */
		C72677992310B8B10065C77C /* Project object */ = {
			isa = PBXProject;
			attributes = {
				LastSwiftUpdateCheck = 1030;
				LastUpgradeCheck = 1030;
				ORGANIZATIONNAME = "Kartik Sharma";
				TargetAttributes = {
					C72677A02310B8B10065C77C = {
						CreatedOnToolsVersion = 10.3;
					};
					C72677B42310B8B30065C77C = {
						CreatedOnToolsVersion = 10.3;
						TestTargetID = C72677A02310B8B10065C77C;
					};
					C72677BF2310B8B30065C77C = {
						CreatedOnToolsVersion = 10.3;
						TestTargetID = C72677A02310B8B10065C77C;
					};
				};
			};
			buildConfigurationList = C726779C2310B8B10065C77C /* Build configuration list for PBXProject "Expenses" */;
			compatibilityVersion = "Xcode 9.3";
			developmentRegion = en;
			hasScannedForEncodings = 0;
			knownRegions = (
				en,
				Base,
			);
			mainGroup = C72677982310B8B10065C77C;
			productRefGroup = C72677A22310B8B10065C77C /* Products */;
			projectDirPath = "";
			projectRoot = "";
			targets = (
				C72677A02310B8B10065C77C /* Expenses */,
				C72677B42310B8B30065C77C /* ExpensesTests */,
				C72677BF2310B8B30065C77C /* ExpensesUITests */,
			);
		};
/* End PBXProject section */

/* Begin PBXResourcesBuildPhase section */
		C726779F2310B8B10065C77C /* Resources */ = {
			isa = PBXResourcesBuildPhase;
			buildActionMask = 2147483647;
			files = (
				C72677AF2310B8B30065C77C /* LaunchScreen.storyboard in Resources */,
				C72677AC2310B8B30065C77C /* Assets.xcassets in Resources */,
				C72677AA2310B8B10065C77C /* Main.storyboard in Resources */,
			);
			runOnlyForDeploymentPostprocessing = 0;
		};
		C72677B32310B8B30065C77C /* Resources */ = {
			isa = PBXResourcesBuildPhase;
			buildActionMask = 2147483647;
			files = (
			);
			runOnlyForDeploymentPostprocessing = 0;
		};
		C72677BE2310B8B30065C77C /* Resources */ = {
			isa = PBXResourcesBuildPhase;
			buildActionMask = 2147483647;
			files = (
			);
			runOnlyForDeploymentPostprocessing = 0;
		};
/* End PBXResourcesBuildPhase section */

/* Begin PBXSourcesBuildPhase section */
		C726779D2310B8B10065C77C /* Sources */ = {
			isa = PBXSourcesBuildPhase;
			buildActionMask = 2147483647;
			files = (
				C72677D52310D68F0065C77C /* ExpenseTableViewCell.swift in Sources */,
				C72677A52310B8B10065C77C /* AppDelegate.swift in Sources */,
				C72677D32310C02B0065C77C /* ExpensesViewController.swift in Sources */,
			);
			runOnlyForDeploymentPostprocessing = 0;
		};
		C72677B12310B8B30065C77C /* Sources */ = {
			isa = PBXSourcesBuildPhase;
			buildActionMask = 2147483647;
			files = (
				C72677BA2310B8B30065C77C /* ExpensesTests.swift in Sources */,
			);
			runOnlyForDeploymentPostprocessing = 0;
		};
		C72677BC2310B8B30065C77C /* Sources */ = {
			isa = PBXSourcesBuildPhase;
			buildActionMask = 2147483647;
			files = (
				C72677C52310B8B30065C77C /* ExpensesUITests.swift in Sources */,
			);
			runOnlyForDeploymentPostprocessing = 0;
		};
/* End PBXSourcesBuildPhase section */

/* Begin PBXTargetDependency section */
		C72677B72310B8B30065C77C /* PBXTargetDependency */ = {
			isa = PBXTargetDependency;
			target = C72677A02310B8B10065C77C /* Expenses */;
			targetProxy = C72677B62310B8B30065C77C /* PBXContainerItemProxy */;
		};
		C72677C22310B8B30065C77C /* PBXTargetDependency */ = {
			isa = PBXTargetDependency;
			target = C72677A02310B8B10065C77C /* Expenses */;
			targetProxy = C72677C12310B8B30065C77C /* PBXContainerItemProxy */;
		};
/* End PBXTargetDependency section */

/* Begin PBXVariantGroup section */
		C72677A82310B8B10065C77C /* Main.storyboard */ = {
			isa = PBXVariantGroup;
			children = (
				C72677A92310B8B10065C77C /* Base */,
			);
			name = Main.storyboard;
			sourceTree = "<group>";
		};
		C72677AD2310B8B30065C77C /* LaunchScreen.storyboard */ = {
			isa = PBXVariantGroup;
			children = (
				C72677AE2310B8B30065C77C /* Base */,
			);
			name = LaunchScreen.storyboard;
			sourceTree = "<group>";
		};
/* End PBXVariantGroup section */

/* Begin XCBuildConfiguration section */
		C72677C72310B8B30065C77C /* Debug */ = {
			isa = XCBuildConfiguration;
			buildSettings = {
				ALWAYS_SEARCH_USER_PATHS = NO;
				CLANG_ANALYZER_NONNULL = YES;
				CLANG_ANALYZER_NUMBER_OBJECT_CONVERSION = YES_AGGRESSIVE;
				CLANG_CXX_LANGUAGE_STANDARD = "gnu++14";
				CLANG_CXX_LIBRARY = "libc++";
				CLANG_ENABLE_MODULES = YES;
				CLANG_ENABLE_OBJC_ARC = YES;
				CLANG_ENABLE_OBJC_WEAK = YES;
				CLANG_WARN_BLOCK_CAPTURE_AUTORELEASING = YES;
				CLANG_WARN_BOOL_CONVERSION = YES;
				CLANG_WARN_COMMA = YES;
				CLANG_WARN_CONSTANT_CONVERSION = YES;
				CLANG_WARN_DEPRECATED_OBJC_IMPLEMENTATIONS = YES;
				CLANG_WARN_DIRECT_OBJC_ISA_USAGE = YES_ERROR;
				CLANG_WARN_DOCUMENTATION_COMMENTS = YES;
				CLANG_WARN_EMPTY_BODY = YES;
				CLANG_WARN_ENUM_CONVERSION = YES;
				CLANG_WARN_INFINITE_RECURSION = YES;
				CLANG_WARN_INT_CONVERSION = YES;
				CLANG_WARN_NON_LITERAL_NULL_CONVERSION = YES;
				CLANG_WARN_OBJC_IMPLICIT_RETAIN_SELF = YES;
				CLANG_WARN_OBJC_LITERAL_CONVERSION = YES;
				CLANG_WARN_OBJC_ROOT_CLASS = YES_ERROR;
				CLANG_WARN_RANGE_LOOP_ANALYSIS = YES;
				CLANG_WARN_STRICT_PROTOTYPES = YES;
				CLANG_WARN_SUSPICIOUS_MOVE = YES;
				CLANG_WARN_UNGUARDED_AVAILABILITY = YES_AGGRESSIVE;
				CLANG_WARN_UNREACHABLE_CODE = YES;
				CLANG_WARN__DUPLICATE_METHOD_MATCH = YES;
				CODE_SIGN_IDENTITY = "iPhone Developer";
				COPY_PHASE_STRIP = NO;
				DEBUG_INFORMATION_FORMAT = dwarf;
				ENABLE_STRICT_OBJC_MSGSEND = YES;
				ENABLE_TESTABILITY = YES;
				GCC_C_LANGUAGE_STANDARD = gnu11;
				GCC_DYNAMIC_NO_PIC = NO;
				GCC_NO_COMMON_BLOCKS = YES;
				GCC_OPTIMIZATION_LEVEL = 0;
				GCC_PREPROCESSOR_DEFINITIONS = (
					"DEBUG=1",
					"$(inherited)",
				);
				GCC_WARN_64_TO_32_BIT_CONVERSION = YES;
				GCC_WARN_ABOUT_RETURN_TYPE = YES_ERROR;
				GCC_WARN_UNDECLARED_SELECTOR = YES;
				GCC_WARN_UNINITIALIZED_AUTOS = YES_AGGRESSIVE;
				GCC_WARN_UNUSED_FUNCTION = YES;
				GCC_WARN_UNUSED_VARIABLE = YES;
				IPHONEOS_DEPLOYMENT_TARGET = 12.4;
				MTL_ENABLE_DEBUG_INFO = INCLUDE_SOURCE;
				MTL_FAST_MATH = YES;
				ONLY_ACTIVE_ARCH = YES;
				SDKROOT = iphoneos;
				SWIFT_ACTIVE_COMPILATION_CONDITIONS = DEBUG;
				SWIFT_OPTIMIZATION_LEVEL = "-Onone";
			};
			name = Debug;
		};
		C72677C82310B8B30065C77C /* Release */ = {
			isa = XCBuildConfiguration;
			buildSettings = {
				ALWAYS_SEARCH_USER_PATHS = NO;
				CLANG_ANALYZER_NONNULL = YES;
				CLANG_ANALYZER_NUMBER_OBJECT_CONVERSION = YES_AGGRESSIVE;
				CLANG_CXX_LANGUAGE_STANDARD = "gnu++14";
				CLANG_CXX_LIBRARY = "libc++";
				CLANG_ENABLE_MODULES = YES;
				CLANG_ENABLE_OBJC_ARC = YES;
				CLANG_ENABLE_OBJC_WEAK = YES;
				CLANG_WARN_BLOCK_CAPTURE_AUTORELEASING = YES;
				CLANG_WARN_BOOL_CONVERSION = YES;
				CLANG_WARN_COMMA = YES;
				CLANG_WARN_CONSTANT_CONVERSION = YES;
				CLANG_WARN_DEPRECATED_OBJC_IMPLEMENTATIONS = YES;
				CLANG_WARN_DIRECT_OBJC_ISA_USAGE = YES_ERROR;
				CLANG_WARN_DOCUMENTATION_COMMENTS = YES;
				CLANG_WARN_EMPTY_BODY = YES;
				CLANG_WARN_ENUM_CONVERSION = YES;
				CLANG_WARN_INFINITE_RECURSION = YES;
				CLANG_WARN_INT_CONVERSION = YES;
				CLANG_WARN_NON_LITERAL_NULL_CONVERSION = YES;
				CLANG_WARN_OBJC_IMPLICIT_RETAIN_SELF = YES;
				CLANG_WARN_OBJC_LITERAL_CONVERSION = YES;
				CLANG_WARN_OBJC_ROOT_CLASS = YES_ERROR;
				CLANG_WARN_RANGE_LOOP_ANALYSIS = YES;
				CLANG_WARN_STRICT_PROTOTYPES = YES;
				CLANG_WARN_SUSPICIOUS_MOVE = YES;
				CLANG_WARN_UNGUARDED_AVAILABILITY = YES_AGGRESSIVE;
				CLANG_WARN_UNREACHABLE_CODE = YES;
				CLANG_WARN__DUPLICATE_METHOD_MATCH = YES;
				CODE_SIGN_IDENTITY = "iPhone Developer";
				COPY_PHASE_STRIP = NO;
				DEBUG_INFORMATION_FORMAT = "dwarf-with-dsym";
				ENABLE_NS_ASSERTIONS = NO;
				ENABLE_STRICT_OBJC_MSGSEND = YES;
				GCC_C_LANGUAGE_STANDARD = gnu11;
				GCC_NO_COMMON_BLOCKS = YES;
				GCC_WARN_64_TO_32_BIT_CONVERSION = YES;
				GCC_WARN_ABOUT_RETURN_TYPE = YES_ERROR;
				GCC_WARN_UNDECLARED_SELECTOR = YES;
				GCC_WARN_UNINITIALIZED_AUTOS = YES_AGGRESSIVE;
				GCC_WARN_UNUSED_FUNCTION = YES;
				GCC_WARN_UNUSED_VARIABLE = YES;
				IPHONEOS_DEPLOYMENT_TARGET = 12.4;
				MTL_ENABLE_DEBUG_INFO = NO;
				MTL_FAST_MATH = YES;
				SDKROOT = iphoneos;
				SWIFT_COMPILATION_MODE = wholemodule;
				SWIFT_OPTIMIZATION_LEVEL = "-O";
				VALIDATE_PRODUCT = YES;
			};
			name = Release;
		};
		C72677CA2310B8B30065C77C /* Debug */ = {
			isa = XCBuildConfiguration;
			buildSettings = {
				ASSETCATALOG_COMPILER_APPICON_NAME = AppIcon;
				CODE_SIGN_STYLE = Automatic;
				INFOPLIST_FILE = Expenses/Info.plist;
				LD_RUNPATH_SEARCH_PATHS = (
					"$(inherited)",
					"@executable_path/Frameworks",
				);
				PRODUCT_BUNDLE_IDENTIFIER = knstz4.Expenses;
				PRODUCT_NAME = "$(TARGET_NAME)";
				SWIFT_VERSION = 5.0;
				TARGETED_DEVICE_FAMILY = "1,2";
			};
			name = Debug;
		};
		C72677CB2310B8B30065C77C /* Release */ = {
			isa = XCBuildConfiguration;
			buildSettings = {
				ASSETCATALOG_COMPILER_APPICON_NAME = AppIcon;
				CODE_SIGN_STYLE = Automatic;
				INFOPLIST_FILE = Expenses/Info.plist;
				LD_RUNPATH_SEARCH_PATHS = (
					"$(inherited)",
					"@executable_path/Frameworks",
				);
				PRODUCT_BUNDLE_IDENTIFIER = knstz4.Expenses;
				PRODUCT_NAME = "$(TARGET_NAME)";
				SWIFT_VERSION = 5.0;
				TARGETED_DEVICE_FAMILY = "1,2";
			};
			name = Release;
		};
		C72677CD2310B8B30065C77C /* Debug */ = {
			isa = XCBuildConfiguration;
			buildSettings = {
				ALWAYS_EMBED_SWIFT_STANDARD_LIBRARIES = YES;
				BUNDLE_LOADER = "$(TEST_HOST)";
				CODE_SIGN_STYLE = Automatic;
				INFOPLIST_FILE = ExpensesTests/Info.plist;
				LD_RUNPATH_SEARCH_PATHS = (
					"$(inherited)",
					"@executable_path/Frameworks",
					"@loader_path/Frameworks",
				);
				PRODUCT_BUNDLE_IDENTIFIER = knstz4.ExpensesTests;
				PRODUCT_NAME = "$(TARGET_NAME)";
				SWIFT_VERSION = 5.0;
				TARGETED_DEVICE_FAMILY = "1,2";
				TEST_HOST = "$(BUILT_PRODUCTS_DIR)/Expenses.app/Expenses";
			};
			name = Debug;
		};
		C72677CE2310B8B30065C77C /* Release */ = {
			isa = XCBuildConfiguration;
			buildSettings = {
				ALWAYS_EMBED_SWIFT_STANDARD_LIBRARIES = YES;
				BUNDLE_LOADER = "$(TEST_HOST)";
				CODE_SIGN_STYLE = Automatic;
				INFOPLIST_FILE = ExpensesTests/Info.plist;
				LD_RUNPATH_SEARCH_PATHS = (
					"$(inherited)",
					"@executable_path/Frameworks",
					"@loader_path/Frameworks",
				);
				PRODUCT_BUNDLE_IDENTIFIER = knstz4.ExpensesTests;
				PRODUCT_NAME = "$(TARGET_NAME)";
				SWIFT_VERSION = 5.0;
				TARGETED_DEVICE_FAMILY = "1,2";
				TEST_HOST = "$(BUILT_PRODUCTS_DIR)/Expenses.app/Expenses";
			};
			name = Release;
		};
		C72677D02310B8B30065C77C /* Debug */ = {
			isa = XCBuildConfiguration;
			buildSettings = {
				ALWAYS_EMBED_SWIFT_STANDARD_LIBRARIES = YES;
				CODE_SIGN_STYLE = Automatic;
				INFOPLIST_FILE = ExpensesUITests/Info.plist;
				LD_RUNPATH_SEARCH_PATHS = (
					"$(inherited)",
					"@executable_path/Frameworks",
					"@loader_path/Frameworks",
				);
				PRODUCT_BUNDLE_IDENTIFIER = knstz4.ExpensesUITests;
				PRODUCT_NAME = "$(TARGET_NAME)";
				SWIFT_VERSION = 5.0;
				TARGETED_DEVICE_FAMILY = "1,2";
				TEST_TARGET_NAME = Expenses;
			};
			name = Debug;
		};
		C72677D12310B8B30065C77C /* Release */ = {
			isa = XCBuildConfiguration;
			buildSettings = {
				ALWAYS_EMBED_SWIFT_STANDARD_LIBRARIES = YES;
				CODE_SIGN_STYLE = Automatic;
				INFOPLIST_FILE = ExpensesUITests/Info.plist;
				LD_RUNPATH_SEARCH_PATHS = (
					"$(inherited)",
					"@executable_path/Frameworks",
					"@loader_path/Frameworks",
				);
				PRODUCT_BUNDLE_IDENTIFIER = knstz4.ExpensesUITests;
				PRODUCT_NAME = "$(TARGET_NAME)";
				SWIFT_VERSION = 5.0;
				TARGETED_DEVICE_FAMILY = "1,2";
				TEST_TARGET_NAME = Expenses;
			};
			name = Release;
		};
/* End XCBuildConfiguration section */

/* Begin XCConfigurationList section */
		C726779C2310B8B10065C77C /* Build configuration list for PBXProject "Expenses" */ = {
			isa = XCConfigurationList;
			buildConfigurations = (
				C72677C72310B8B30065C77C /* Debug */,
				C72677C82310B8B30065C77C /* Release */,
			);
			defaultConfigurationIsVisible = 0;
			defaultConfigurationName = Release;
		};
		C72677C92310B8B30065C77C /* Build configuration list for PBXNativeTarget "Expenses" */ = {
			isa = XCConfigurationList;
			buildConfigurations = (
				C72677CA2310B8B30065C77C /* Debug */,
				C72677CB2310B8B30065C77C /* Release */,
			);
			defaultConfigurationIsVisible = 0;
			defaultConfigurationName = Release;
		};
		C72677CC2310B8B30065C77C /* Build configuration list for PBXNativeTarget "ExpensesTests" */ = {
			isa = XCConfigurationList;
			buildConfigurations = (
				C72677CD2310B8B30065C77C /* Debug */,
				C72677CE2310B8B30065C77C /* Release */,
			);
			defaultConfigurationIsVisible = 0;
			defaultConfigurationName = Release;
		};
		C72677CF2310B8B30065C77C /* Build configuration list for PBXNativeTarget "ExpensesUITests" */ = {
			isa = XCConfigurationList;
			buildConfigurations = (
				C72677D02310B8B30065C77C /* Debug */,
				C72677D12310B8B30065C77C /* Release */,
			);
			defaultConfigurationIsVisible = 0;
			defaultConfigurationName = Release;
		};
/* End XCConfigurationList section */
	};
	rootObject = C72677992310B8B10065C77C /* Project object */;
}
